// !$*UTF8*$!
{
	archiveVersion = 1;
	classes = {
	};
	objectVersion = 46;
	objects = {

/* Begin PBXBuildFile section */
		9A372C521A610FCF006F22B3 /* Chile.swift in Sources */ = {isa = PBXBuildFile; fileRef = 9A372C511A610FCF006F22B3 /* Chile.swift */; };
		9A4DE7451A25FB0500F086F3 /* chile.png in Resources */ = {isa = PBXBuildFile; fileRef = 9A4DE7441A25FB0500F086F3 /* chile.png */; };
		9A4E202A1A615D120051AC75 /* ResultScene.swift in Sources */ = {isa = PBXBuildFile; fileRef = 9A4E20291A615D120051AC75 /* ResultScene.swift */; };
		9A4E202C1A6212F70051AC75 /* SceneEscapeProtocol.swift in Sources */ = {isa = PBXBuildFile; fileRef = 9A4E202B1A6212F70051AC75 /* SceneEscapeProtocol.swift */; };
		9A6588981A2549DC005204AC /* AppDelegate.swift in Sources */ = {isa = PBXBuildFile; fileRef = 9A6588971A2549DC005204AC /* AppDelegate.swift */; };
		9A65889A1A2549DC005204AC /* GameScene.sks in Resources */ = {isa = PBXBuildFile; fileRef = 9A6588991A2549DC005204AC /* GameScene.sks */; };
		9A65889C1A2549DC005204AC /* GameScene.swift in Sources */ = {isa = PBXBuildFile; fileRef = 9A65889B1A2549DC005204AC /* GameScene.swift */; };
		9A65889E1A2549DC005204AC /* GameViewController.swift in Sources */ = {isa = PBXBuildFile; fileRef = 9A65889D1A2549DC005204AC /* GameViewController.swift */; };
		9A6588A11A2549DC005204AC /* Main.storyboard in Resources */ = {isa = PBXBuildFile; fileRef = 9A65889F1A2549DC005204AC /* Main.storyboard */; };
		9A6588A31A2549DC005204AC /* Images.xcassets in Resources */ = {isa = PBXBuildFile; fileRef = 9A6588A21A2549DC005204AC /* Images.xcassets */; };
		9A6588A61A2549DC005204AC /* LaunchScreen.xib in Resources */ = {isa = PBXBuildFile; fileRef = 9A6588A41A2549DC005204AC /* LaunchScreen.xib */; };
		9A6588B21A2549DD005204AC /* ChileTests.swift in Sources */ = {isa = PBXBuildFile; fileRef = 9A6588B11A2549DD005204AC /* ChileTests.swift */; };
/* End PBXBuildFile section */

/* Begin PBXContainerItemProxy section */
		9A6588AC1A2549DD005204AC /* PBXContainerItemProxy */ = {
			isa = PBXContainerItemProxy;
			containerPortal = 9A65888A1A2549DC005204AC /* Project object */;
			proxyType = 1;
			remoteGlobalIDString = 9A6588911A2549DC005204AC;
			remoteInfo = Chile;
		};
/* End PBXContainerItemProxy section */

/* Begin PBXFileReference section */
		9A372C511A610FCF006F22B3 /* Chile.swift */ = {isa = PBXFileReference; fileEncoding = 4; lastKnownFileType = sourcecode.swift; path = Chile.swift; sourceTree = "<group>"; };
		9A4DE7441A25FB0500F086F3 /* chile.png */ = {isa = PBXFileReference; lastKnownFileType = image.png; path = chile.png; sourceTree = "<group>"; };
		9A4E20291A615D120051AC75 /* ResultScene.swift */ = {isa = PBXFileReference; fileEncoding = 4; lastKnownFileType = sourcecode.swift; path = ResultScene.swift; sourceTree = "<group>"; };
		9A4E202B1A6212F70051AC75 /* SceneEscapeProtocol.swift */ = {isa = PBXFileReference; fileEncoding = 4; lastKnownFileType = sourcecode.swift; path = SceneEscapeProtocol.swift; sourceTree = "<group>"; };
		9A6588921A2549DC005204AC /* Chile.app */ = {isa = PBXFileReference; explicitFileType = wrapper.application; includeInIndex = 0; path = Chile.app; sourceTree = BUILT_PRODUCTS_DIR; };
		9A6588961A2549DC005204AC /* Info.plist */ = {isa = PBXFileReference; lastKnownFileType = text.plist.xml; path = Info.plist; sourceTree = "<group>"; };
		9A6588971A2549DC005204AC /* AppDelegate.swift */ = {isa = PBXFileReference; lastKnownFileType = sourcecode.swift; path = AppDelegate.swift; sourceTree = "<group>"; };
		9A6588991A2549DC005204AC /* GameScene.sks */ = {isa = PBXFileReference; lastKnownFileType = file.sks; path = GameScene.sks; sourceTree = "<group>"; };
		9A65889B1A2549DC005204AC /* GameScene.swift */ = {isa = PBXFileReference; lastKnownFileType = sourcecode.swift; path = GameScene.swift; sourceTree = "<group>"; };
		9A65889D1A2549DC005204AC /* GameViewController.swift */ = {isa = PBXFileReference; lastKnownFileType = sourcecode.swift; path = GameViewController.swift; sourceTree = "<group>"; };
		9A6588A01A2549DC005204AC /* Base */ = {isa = PBXFileReference; lastKnownFileType = file.storyboard; name = Base; path = Base.lproj/Main.storyboard; sourceTree = "<group>"; };
		9A6588A21A2549DC005204AC /* Images.xcassets */ = {isa = PBXFileReference; lastKnownFileType = folder.assetcatalog; path = Images.xcassets; sourceTree = "<group>"; };
		9A6588A51A2549DC005204AC /* Base */ = {isa = PBXFileReference; lastKnownFileType = file.xib; name = Base; path = Base.lproj/LaunchScreen.xib; sourceTree = "<group>"; };
		9A6588AB1A2549DD005204AC /* ChileTests.xctest */ = {isa = PBXFileReference; explicitFileType = wrapper.cfbundle; includeInIndex = 0; path = ChileTests.xctest; sourceTree = BUILT_PRODUCTS_DIR; };
		9A6588B01A2549DD005204AC /* Info.plist */ = {isa = PBXFileReference; lastKnownFileType = text.plist.xml; path = Info.plist; sourceTree = "<group>"; };
		9A6588B11A2549DD005204AC /* ChileTests.swift */ = {isa = PBXFileReference; lastKnownFileType = sourcecode.swift; path = ChileTests.swift; sourceTree = "<group>"; };
/* End PBXFileReference section */

/* Begin PBXFrameworksBuildPhase section */
		9A65888F1A2549DC005204AC /* Frameworks */ = {
			isa = PBXFrameworksBuildPhase;
			buildActionMask = 2147483647;
			files = (
			);
			runOnlyForDeploymentPostprocessing = 0;
		};
		9A6588A81A2549DD005204AC /* Frameworks */ = {
			isa = PBXFrameworksBuildPhase;
			buildActionMask = 2147483647;
			files = (
			);
			runOnlyForDeploymentPostprocessing = 0;
		};
/* End PBXFrameworksBuildPhase section */

/* Begin PBXGroup section */
		9A6588891A2549DC005204AC = {
			isa = PBXGroup;
			children = (
				9A6588941A2549DC005204AC /* Chile */,
				9A6588AE1A2549DD005204AC /* ChileTests */,
				9A6588931A2549DC005204AC /* Products */,
			);
			sourceTree = "<group>";
		};
		9A6588931A2549DC005204AC /* Products */ = {
			isa = PBXGroup;
			children = (
				9A6588921A2549DC005204AC /* Chile.app */,
				9A6588AB1A2549DD005204AC /* ChileTests.xctest */,
			);
			name = Products;
			sourceTree = "<group>";
		};
		9A6588941A2549DC005204AC /* Chile */ = {
			isa = PBXGroup;
			children = (
				9A6588971A2549DC005204AC /* AppDelegate.swift */,
				9A4DE7441A25FB0500F086F3 /* chile.png */,
				9A6588991A2549DC005204AC /* GameScene.sks */,
				9A65889B1A2549DC005204AC /* GameScene.swift */,
				9A4E20291A615D120051AC75 /* ResultScene.swift */,
				9A372C511A610FCF006F22B3 /* Chile.swift */,
				9A65889D1A2549DC005204AC /* GameViewController.swift */,
				9A4E202B1A6212F70051AC75 /* SceneEscapeProtocol.swift */,
				9A65889F1A2549DC005204AC /* Main.storyboard */,
				9A6588A21A2549DC005204AC /* Images.xcassets */,
				9A6588A41A2549DC005204AC /* LaunchScreen.xib */,
				9A6588951A2549DC005204AC /* Supporting Files */,
			);
			path = Chile;
			sourceTree = "<group>";
		};
		9A6588951A2549DC005204AC /* Supporting Files */ = {
			isa = PBXGroup;
			children = (
				9A6588961A2549DC005204AC /* Info.plist */,
			);
			name = "Supporting Files";
			sourceTree = "<group>";
		};
		9A6588AE1A2549DD005204AC /* ChileTests */ = {
			isa = PBXGroup;
			children = (
				9A6588B11A2549DD005204AC /* ChileTests.swift */,
				9A6588AF1A2549DD005204AC /* Supporting Files */,
			);
			path = ChileTests;
			sourceTree = "<group>";
		};
		9A6588AF1A2549DD005204AC /* Supporting Files */ = {
			isa = PBXGroup;
			children = (
				9A6588B01A2549DD005204AC /* Info.plist */,
			);
			name = "Supporting Files";
			sourceTree = "<group>";
		};
/* End PBXGroup section */

/* Begin PBXNativeTarget section */
		9A6588911A2549DC005204AC /* Chile */ = {
			isa = PBXNativeTarget;
			buildConfigurationList = 9A6588B51A2549DD005204AC /* Build configuration list for PBXNativeTarget "Chile" */;
			buildPhases = (
				9A65888E1A2549DC005204AC /* Sources */,
				9A65888F1A2549DC005204AC /* Frameworks */,
				9A6588901A2549DC005204AC /* Resources */,
			);
			buildRules = (
			);
			dependencies = (
			);
			name = Chile;
			productName = Chile;
			productReference = 9A6588921A2549DC005204AC /* Chile.app */;
			productType = "com.apple.product-type.application";
		};
		9A6588AA1A2549DD005204AC /* ChileTests */ = {
			isa = PBXNativeTarget;
			buildConfigurationList = 9A6588B81A2549DD005204AC /* Build configuration list for PBXNativeTarget "ChileTests" */;
			buildPhases = (
				9A6588A71A2549DD005204AC /* Sources */,
				9A6588A81A2549DD005204AC /* Frameworks */,
				9A6588A91A2549DD005204AC /* Resources */,
			);
			buildRules = (
			);
			dependencies = (
				9A6588AD1A2549DD005204AC /* PBXTargetDependency */,
			);
			name = ChileTests;
			productName = ChileTests;
			productReference = 9A6588AB1A2549DD005204AC /* ChileTests.xctest */;
			productType = "com.apple.product-type.bundle.unit-test";
		};
/* End PBXNativeTarget section */

/* Begin PBXProject section */
		9A65888A1A2549DC005204AC /* Project object */ = {
			isa = PBXProject;
			attributes = {
				LastUpgradeCheck = 0610;
				ORGANIZATIONNAME = naoyashiga;
				TargetAttributes = {
					9A6588911A2549DC005204AC = {
						CreatedOnToolsVersion = 6.1;
					};
					9A6588AA1A2549DD005204AC = {
						CreatedOnToolsVersion = 6.1;
						TestTargetID = 9A6588911A2549DC005204AC;
					};
				};
			};
			buildConfigurationList = 9A65888D1A2549DC005204AC /* Build configuration list for PBXProject "Chile" */;
			compatibilityVersion = "Xcode 3.2";
			developmentRegion = English;
			hasScannedForEncodings = 0;
			knownRegions = (
				en,
				Base,
			);
			mainGroup = 9A6588891A2549DC005204AC;
			productRefGroup = 9A6588931A2549DC005204AC /* Products */;
			projectDirPath = "";
			projectRoot = "";
			targets = (
				9A6588911A2549DC005204AC /* Chile */,
				9A6588AA1A2549DD005204AC /* ChileTests */,
			);
		};
/* End PBXProject section */

/* Begin PBXResourcesBuildPhase section */
		9A6588901A2549DC005204AC /* Resources */ = {
			isa = PBXResourcesBuildPhase;
			buildActionMask = 2147483647;
			files = (
				9A6588A61A2549DC005204AC /* LaunchScreen.xib in Resources */,
				9A6588A31A2549DC005204AC /* Images.xcassets in Resources */,
				9A4DE7451A25FB0500F086F3 /* chile.png in Resources */,
				9A65889A1A2549DC005204AC /* GameScene.sks in Resources */,
				9A6588A11A2549DC005204AC /* Main.storyboard in Resources */,
			);
			runOnlyForDeploymentPostprocessing = 0;
		};
		9A6588A91A2549DD005204AC /* Resources */ = {
			isa = PBXResourcesBuildPhase;
			buildActionMask = 2147483647;
			files = (
			);
			runOnlyForDeploymentPostprocessing = 0;
		};
/* End PBXResourcesBuildPhase section */

/* Begin PBXSourcesBuildPhase section */
		9A65888E1A2549DC005204AC /* Sources */ = {
			isa = PBXSourcesBuildPhase;
			buildActionMask = 2147483647;
			files = (
				9A65889C1A2549DC005204AC /* GameScene.swift in Sources */,
				9A4E202C1A6212F70051AC75 /* SceneEscapeProtocol.swift in Sources */,
				9A65889E1A2549DC005204AC /* GameViewController.swift in Sources */,
				9A6588981A2549DC005204AC /* AppDelegate.swift in Sources */,
				9A4E202A1A615D120051AC75 /* ResultScene.swift in Sources */,
				9A372C521A610FCF006F22B3 /* Chile.swift in Sources */,
			);
			runOnlyForDeploymentPostprocessing = 0;
		};
		9A6588A71A2549DD005204AC /* Sources */ = {
			isa = PBXSourcesBuildPhase;
			buildActionMask = 2147483647;
			files = (
				9A6588B21A2549DD005204AC /* ChileTests.swift in Sources */,
			);
			runOnlyForDeploymentPostprocessing = 0;
		};
/* End PBXSourcesBuildPhase section */

/* Begin PBXTargetDependency section */
		9A6588AD1A2549DD005204AC /* PBXTargetDependency */ = {
			isa = PBXTargetDependency;
			target = 9A6588911A2549DC005204AC /* Chile */;
			targetProxy = 9A6588AC1A2549DD005204AC /* PBXContainerItemProxy */;
		};
/* End PBXTargetDependency section */

/* Begin PBXVariantGroup section */
		9A65889F1A2549DC005204AC /* Main.storyboard */ = {
			isa = PBXVariantGroup;
			children = (
				9A6588A01A2549DC005204AC /* Base */,
			);
			name = Main.storyboard;
			sourceTree = "<group>";
		};
		9A6588A41A2549DC005204AC /* LaunchScreen.xib */ = {
			isa = PBXVariantGroup;
			children = (
				9A6588A51A2549DC005204AC /* Base */,
			);
			name = LaunchScreen.xib;
			sourceTree = "<group>";
		};
/* End PBXVariantGroup section */

/* Begin XCBuildConfiguration section */
		9A6588B31A2549DD005204AC /* Debug */ = {
			isa = XCBuildConfiguration;
			buildSettings = {
				ALWAYS_SEARCH_USER_PATHS = NO;
				CLANG_CXX_LANGUAGE_STANDARD = "gnu++0x";
				CLANG_CXX_LIBRARY = "libc++";
				CLANG_ENABLE_MODULES = YES;
				CLANG_ENABLE_OBJC_ARC = YES;
				CLANG_WARN_BOOL_CONVERSION = YES;
				CLANG_WARN_CONSTANT_CONVERSION = YES;
				CLANG_WARN_DIRECT_OBJC_ISA_USAGE = YES_ERROR;
				CLANG_WARN_EMPTY_BODY = YES;
				CLANG_WARN_ENUM_CONVERSION = YES;
				CLANG_WARN_INT_CONVERSION = YES;
				CLANG_WARN_OBJC_ROOT_CLASS = YES_ERROR;
				CLANG_WARN_UNREACHABLE_CODE = YES;
				CLANG_WARN__DUPLICATE_METHOD_MATCH = YES;
				CODE_SIGN_IDENTITY = "iPhone Developer: Naoya Sugimoto (5JW3B2ZP2Q)";
				"CODE_SIGN_IDENTITY[sdk=iphoneos*]" = "iPhone Developer: Naoya Sugimoto (5JW3B2ZP2Q)";
				COPY_PHASE_STRIP = NO;
				ENABLE_STRICT_OBJC_MSGSEND = YES;
				GCC_C_LANGUAGE_STANDARD = gnu99;
				GCC_DYNAMIC_NO_PIC = NO;
				GCC_OPTIMIZATION_LEVEL = 0;
				GCC_PREPROCESSOR_DEFINITIONS = (
					"DEBUG=1",
					"$(inherited)",
				);
				GCC_SYMBOLS_PRIVATE_EXTERN = NO;
				GCC_WARN_64_TO_32_BIT_CONVERSION = YES;
				GCC_WARN_ABOUT_RETURN_TYPE = YES_ERROR;
				GCC_WARN_UNDECLARED_SELECTOR = YES;
				GCC_WARN_UNINITIALIZED_AUTOS = YES_AGGRESSIVE;
				GCC_WARN_UNUSED_FUNCTION = YES;
				GCC_WARN_UNUSED_VARIABLE = YES;
				IPHONEOS_DEPLOYMENT_TARGET = 8.1;
				MTL_ENABLE_DEBUG_INFO = YES;
				ONLY_ACTIVE_ARCH = YES;
				PROVISIONING_PROFILE = "bff4e95b-f564-4f3e-898e-a8f6da8842f9";
				SDKROOT = iphoneos;
				SWIFT_OPTIMIZATION_LEVEL = "-Onone";
				TARGETED_DEVICE_FAMILY = "1,2";
			};
			name = Debug;
		};
		9A6588B41A2549DD005204AC /* Release */ = {
			isa = XCBuildConfiguration;
			buildSettings = {
				ALWAYS_SEARCH_USER_PATHS = NO;
				CLANG_CXX_LANGUAGE_STANDARD = "gnu++0x";
				CLANG_CXX_LIBRARY = "libc++";
				CLANG_ENABLE_MODULES = YES;
				CLANG_ENABLE_OBJC_ARC = YES;
				CLANG_WARN_BOOL_CONVERSION = YES;
				CLANG_WARN_CONSTANT_CONVERSION = YES;
				CLANG_WARN_DIRECT_OBJC_ISA_USAGE = YES_ERROR;
				CLANG_WARN_EMPTY_BODY = YES;
				CLANG_WARN_ENUM_CONVERSION = YES;
				CLANG_WARN_INT_CONVERSION = YES;
				CLANG_WARN_OBJC_ROOT_CLASS = YES_ERROR;
				CLANG_WARN_UNREACHABLE_CODE = YES;
				CLANG_WARN__DUPLICATE_METHOD_MATCH = YES;
				CODE_SIGN_IDENTITY = "iPhone Developer: Naoya Sugimoto (5JW3B2ZP2Q)";
				"CODE_SIGN_IDENTITY[sdk=iphoneos*]" = "iPhone Developer: Naoya Sugimoto (5JW3B2ZP2Q)";
				COPY_PHASE_STRIP = YES;
				ENABLE_NS_ASSERTIONS = NO;
				ENABLE_STRICT_OBJC_MSGSEND = YES;
				GCC_C_LANGUAGE_STANDARD = gnu99;
				GCC_WARN_64_TO_32_BIT_CONVERSION = YES;
				GCC_WARN_ABOUT_RETURN_TYPE = YES_ERROR;
				GCC_WARN_UNDECLARED_SELECTOR = YES;
				GCC_WARN_UNINITIALIZED_AUTOS = YES_AGGRESSIVE;
				GCC_WARN_UNUSED_FUNCTION = YES;
				GCC_WARN_UNUSED_VARIABLE = YES;
				IPHONEOS_DEPLOYMENT_TARGET = 8.1;
				MTL_ENABLE_DEBUG_INFO = NO;
				PROVISIONING_PROFILE = "bff4e95b-f564-4f3e-898e-a8f6da8842f9";
				SDKROOT = iphoneos;
				TARGETED_DEVICE_FAMILY = "1,2";
				VALIDATE_PRODUCT = YES;
			};
			name = Release;
		};
		9A6588B61A2549DD005204AC /* Debug */ = {
			isa = XCBuildConfiguration;
			buildSettings = {
				ASSETCATALOG_COMPILER_APPICON_NAME = AppIcon;
				CODE_SIGN_IDENTITY = "iPhone Developer: Naoya Sugimoto (5JW3B2ZP2Q)";
				INFOPLIST_FILE = Chile/Info.plist;
				LD_RUNPATH_SEARCH_PATHS = "$(inherited) @executable_path/Frameworks";
				PRODUCT_NAME = "$(TARGET_NAME)";
				PROVISIONING_PROFILE = "bff4e95b-f564-4f3e-898e-a8f6da8842f9";
				TARGETED_DEVICE_FAMILY = 1;
			};
			name = Debug;
		};
		9A6588B71A2549DD005204AC /* Release */ = {
			isa = XCBuildConfiguration;
			buildSettings = {
				ASSETCATALOG_COMPILER_APPICON_NAME = AppIcon;
				CODE_SIGN_IDENTITY = "iPhone Developer: Naoya Sugimoto (5JW3B2ZP2Q)";
				INFOPLIST_FILE = Chile/Info.plist;
				LD_RUNPATH_SEARCH_PATHS = "$(inherited) @executable_path/Frameworks";
				PRODUCT_NAME = "$(TARGET_NAME)";
				PROVISIONING_PROFILE = "bff4e95b-f564-4f3e-898e-a8f6da8842f9";
				TARGETED_DEVICE_FAMILY = 1;
			};
			name = Release;
		};
		9A6588B91A2549DD005204AC /* Debug */ = {
			isa = XCBuildConfiguration;
			buildSettings = {
				BUNDLE_LOADER = "$(TEST_HOST)";
				CODE_SIGN_IDENTITY = "iPhone Distribution: Naoya Sugimoto (S8GGSYBVK5)";
				FRAMEWORK_SEARCH_PATHS = (
					"$(SDKROOT)/Developer/Library/Frameworks",
					"$(inherited)",
				);
				GCC_PREPROCESSOR_DEFINITIONS = (
					"DEBUG=1",
					"$(inherited)",
				);
				INFOPLIST_FILE = ChileTests/Info.plist;
				LD_RUNPATH_SEARCH_PATHS = "$(inherited) @executable_path/Frameworks @loader_path/Frameworks";
				PRODUCT_NAME = "$(TARGET_NAME)";
				PROVISIONING_PROFILE = "ed4a1e86-5b9b-4ba5-8295-daccfe575da8";
				TEST_HOST = "$(BUILT_PRODUCTS_DIR)/Chile.app/Chile";
			};
			name = Debug;
		};
		9A6588BA1A2549DD005204AC /* Release */ = {
			isa = XCBuildConfiguration;
			buildSettings = {
				BUNDLE_LOADER = "$(TEST_HOST)";
				CODE_SIGN_IDENTITY = "iPhone Distribution: Naoya Sugimoto (S8GGSYBVK5)";
				FRAMEWORK_SEARCH_PATHS = (
					"$(SDKROOT)/Developer/Library/Frameworks",
					"$(inherited)",
				);
				INFOPLIST_FILE = ChileTests/Info.plist;
				LD_RUNPATH_SEARCH_PATHS = "$(inherited) @executable_path/Frameworks @loader_path/Frameworks";
				PRODUCT_NAME = "$(TARGET_NAME)";
				PROVISIONING_PROFILE = "ed4a1e86-5b9b-4ba5-8295-daccfe575da8";
				TEST_HOST = "$(BUILT_PRODUCTS_DIR)/Chile.app/Chile";
			};
			name = Release;
		};
/* End XCBuildConfiguration section */

/* Begin XCConfigurationList section */
		9A65888D1A2549DC005204AC /* Build configuration list for PBXProject "Chile" */ = {
			isa = XCConfigurationList;
			buildConfigurations = (
				9A6588B31A2549DD005204AC /* Debug */,
				9A6588B41A2549DD005204AC /* Release */,
			);
			defaultConfigurationIsVisible = 0;
			defaultConfigurationName = Release;
		};
		9A6588B51A2549DD005204AC /* Build configuration list for PBXNativeTarget "Chile" */ = {
			isa = XCConfigurationList;
			buildConfigurations = (
				9A6588B61A2549DD005204AC /* Debug */,
				9A6588B71A2549DD005204AC /* Release */,
			);
			defaultConfigurationIsVisible = 0;
			defaultConfigurationName = Release;
		};
		9A6588B81A2549DD005204AC /* Build configuration list for PBXNativeTarget "ChileTests" */ = {
			isa = XCConfigurationList;
			buildConfigurations = (
				9A6588B91A2549DD005204AC /* Debug */,
				9A6588BA1A2549DD005204AC /* Release */,
			);
			defaultConfigurationIsVisible = 0;
			defaultConfigurationName = Release;
		};
/* End XCConfigurationList section */
	};
	rootObject = 9A65888A1A2549DC005204AC /* Project object */;
}
